{
    "_readme": [
        "This file locks the dependencies of your project to a known state",
        "Read more about it at https://getcomposer.org/doc/01-basic-usage.md#installing-dependencies",
        "This file is @generated automatically"
    ],
    "content-hash": "00211b62cdb97751aa77d4280dff54ae",
    "packages": [
        {
            "name": "composer/installers",
            "version": "v2.3.0",
            "source": {
                "type": "git",
                "url": "https://github.com/composer/installers.git",
                "reference": "12fb2dfe5e16183de69e784a7b84046c43d97e8e"
            },
            "dist": {
                "type": "zip",
                "url": "https://api.github.com/repos/composer/installers/zipball/12fb2dfe5e16183de69e784a7b84046c43d97e8e",
                "reference": "12fb2dfe5e16183de69e784a7b84046c43d97e8e",
                "shasum": ""
            },
            "require": {
                "composer-plugin-api": "^1.0 || ^2.0",
                "php": "^7.2 || ^8.0"
            },
            "require-dev": {
                "composer/composer": "^1.10.27 || ^2.7",
                "composer/semver": "^1.7.2 || ^3.4.0",
                "phpstan/phpstan": "^1.11",
                "phpstan/phpstan-phpunit": "^1",
                "symfony/phpunit-bridge": "^7.1.1",
                "symfony/process": "^5 || ^6 || ^7"
            },
            "type": "composer-plugin",
            "extra": {
                "class": "Composer\\Installers\\Plugin",
                "branch-alias": {
                    "dev-main": "2.x-dev"
                },
                "plugin-modifies-install-path": true
            },
            "autoload": {
                "psr-4": {
                    "Composer\\Installers\\": "src/Composer/Installers"
                }
            },
            "notification-url": "https://packagist.org/downloads/",
            "license": [
                "MIT"
            ],
            "authors": [
                {
                    "name": "Kyle Robinson Young",
                    "email": "kyle@dontkry.com",
                    "homepage": "https://github.com/shama"
                }
            ],
            "description": "A multi-framework Composer library installer",
            "homepage": "https://composer.github.io/installers/",
            "keywords": [
                "Dolibarr",
                "Eliasis",
                "Hurad",
                "ImageCMS",
                "Kanboard",
                "Lan Management System",
                "MODX Evo",
                "MantisBT",
                "Mautic",
                "Maya",
                "OXID",
                "Plentymarkets",
                "Porto",
                "RadPHP",
                "SMF",
                "Starbug",
                "Thelia",
                "Whmcs",
                "WolfCMS",
                "agl",
                "annotatecms",
                "attogram",
                "bitrix",
                "cakephp",
                "chef",
                "cockpit",
                "codeigniter",
                "concrete5",
                "concreteCMS",
                "croogo",
                "dokuwiki",
                "drupal",
                "eZ Platform",
                "elgg",
                "expressionengine",
                "fuelphp",
                "grav",
                "installer",
                "itop",
                "known",
                "kohana",
                "laravel",
                "lavalite",
                "lithium",
                "magento",
                "majima",
                "mako",
                "matomo",
                "mediawiki",
                "miaoxing",
                "modulework",
                "modx",
                "moodle",
                "osclass",
                "pantheon",
                "phpbb",
                "piwik",
                "ppi",
                "processwire",
                "puppet",
                "pxcms",
                "reindex",
                "roundcube",
                "shopware",
                "silverstripe",
                "sydes",
                "sylius",
                "tastyigniter",
                "wordpress",
                "yawik",
                "zend",
                "zikula"
            ],
            "support": {
                "issues": "https://github.com/composer/installers/issues",
                "source": "https://github.com/composer/installers/tree/v2.3.0"
            },
            "funding": [
                {
                    "url": "https://packagist.com",
                    "type": "custom"
                },
                {
                    "url": "https://github.com/composer",
                    "type": "github"
                },
                {
                    "url": "https://tidelift.com/funding/github/packagist/composer/composer",
                    "type": "tidelift"
                }
            ],
            "time": "2024-06-24T20:46:46+00:00"
        },
        {
            "name": "dashifen/case-changing-trait",
            "version": "1.0.1",
            "source": {
                "type": "git",
                "url": "https://github.com/dashifen/case-changing-trait.git",
                "reference": "950e54a87a77f0fc960ad4c2d3e43e4cde04e144"
            },
            "dist": {
                "type": "zip",
                "url": "https://api.github.com/repos/dashifen/case-changing-trait/zipball/950e54a87a77f0fc960ad4c2d3e43e4cde04e144",
                "reference": "950e54a87a77f0fc960ad4c2d3e43e4cde04e144",
                "shasum": ""
            },
            "require": {
                "php": ">= 7.4"
            },
            "type": "library",
            "autoload": {
                "psr-4": {
                    "Dashifen\\CaseChangingTrait\\": "src"
                }
            },
            "notification-url": "https://packagist.org/downloads/",
            "license": [
                "MIT"
            ],
            "authors": [
                {
                    "name": "David Dashifen Kees",
                    "email": "dashifen@dashifen.com",
                    "role": "developer"
                }
            ],
            "description": "A PHP trait that converts between common programming character cases.",
            "support": {
                "issues": "https://github.com/dashifen/case-changing-trait/issues",
                "source": "https://github.com/dashifen/case-changing-trait/tree/1.0.1"
            },
            "time": "2021-04-07T12:54:46+00:00"
        },
        {
            "name": "dashifen/collection",
            "version": "3.0.0",
            "source": {
                "type": "git",
                "url": "https://github.com/dashifen/collection.git",
                "reference": "3b65c12609f03ff8a6be236f18b81b0c673c1738"
            },
            "dist": {
                "type": "zip",
                "url": "https://api.github.com/repos/dashifen/collection/zipball/3b65c12609f03ff8a6be236f18b81b0c673c1738",
                "reference": "3b65c12609f03ff8a6be236f18b81b0c673c1738",
                "shasum": ""
            },
            "require": {
                "dashifen/exception": "^1.2",
                "php": ">=8.2"
            },
            "type": "project",
            "autoload": {
                "psr-4": {
                    "Dashifen\\Collection\\": "src"
                }
            },
            "notification-url": "https://packagist.org/downloads/",
            "license": [
                "MIT"
            ],
            "authors": [
                {
                    "name": "David Dashifen Kees",
                    "email": "dashifen@dashifen.com",
                    "role": "developer"
                }
            ],
            "description": "An abstract object from which concrete collections can be built.",
            "support": {
                "issues": "https://github.com/dashifen/collection/issues",
                "source": "https://github.com/dashifen/collection/tree/3.0.0"
            },
            "time": "2023-09-02T17:16:06+00:00"
        },
        {
            "name": "dashifen/debugging",
            "version": "1.0.2",
            "source": {
                "type": "git",
                "url": "https://github.com/dashifen/debugging.git",
                "reference": "9a056f0eec793bef17aacf879e915e25c33fc952"
            },
            "dist": {
                "type": "zip",
                "url": "https://api.github.com/repos/dashifen/debugging/zipball/9a056f0eec793bef17aacf879e915e25c33fc952",
                "reference": "9a056f0eec793bef17aacf879e915e25c33fc952",
                "shasum": ""
            },
            "require": {
                "php": ">=8.0"
            },
            "type": "library",
            "autoload": {
                "psr-4": {
                    "Dashifen\\Debugging\\": "src"
                }
            },
            "notification-url": "https://packagist.org/downloads/",
            "license": [
                "MIT"
            ],
            "authors": [
                {
                    "name": "David Dashifen Kees",
                    "email": "dashifen@dashifen.com",
                    "role": "developer"
                }
            ],
            "description": "A PHP Trait that defines static methods used for on-screen debugging.",
            "support": {
                "issues": "https://github.com/dashifen/debugging/issues",
                "source": "https://github.com/dashifen/debugging/tree/1.0.2"
            },
            "time": "2024-01-08T14:24:44+00:00"
        },
        {
            "name": "dashifen/exception",
            "version": "1.2.1",
            "source": {
                "type": "git",
                "url": "https://github.com/dashifen/exception.git",
                "reference": "b57568029d4a99a4c875d6f96220739ccda8eec1"
            },
            "dist": {
                "type": "zip",
                "url": "https://api.github.com/repos/dashifen/exception/zipball/b57568029d4a99a4c875d6f96220739ccda8eec1",
                "reference": "b57568029d4a99a4c875d6f96220739ccda8eec1",
                "shasum": ""
            },
            "require": {
                "php": ">=7.3"
            },
            "type": "library",
            "autoload": {
                "psr-4": {
                    "Dashifen\\Exception\\": "src/"
                }
            },
            "notification-url": "https://packagist.org/downloads/",
            "license": [
                "MIT"
            ],
            "authors": [
                {
                    "name": "David Dashifen Kees",
                    "email": "dashifen@dashifen.com",
                    "homepage": "https://dashifen.com",
                    "role": "developer"
                }
            ],
            "description": "a base class for exceptions in Dashifen's other work",
            "support": {
                "issues": "https://github.com/dashifen/exception/issues",
                "source": "https://github.com/dashifen/exception/tree/1.2.1"
            },
            "time": "2025-01-02T17:24:05+00:00"
        },
        {
            "name": "dashifen/mu-plugin-loader",
            "version": "2.1.1",
            "source": {
                "type": "git",
                "url": "https://github.com/dashifen/mu-plugin-loader.git",
                "reference": "696736ca60b190dcac0a814682775fd3852112ca"
            },
            "dist": {
                "type": "zip",
                "url": "https://api.github.com/repos/dashifen/mu-plugin-loader/zipball/696736ca60b190dcac0a814682775fd3852112ca",
                "reference": "696736ca60b190dcac0a814682775fd3852112ca",
                "shasum": ""
            },
            "require": {
                "dashifen/wp-handler": "^11.0",
                "php": ">=8.4"
            },
            "type": "wordpress-muplugin",
            "autoload": {
                "psr-4": {
                    "Dashifen\\Plugins\\MustUse\\MUPluginLoader\\": "src"
                }
            },
            "scripts": {
                "post-update-cmd": [
                    "cp mu-plugin-loader-loader.php ../mu-plugin-loader-loader.php"
                ]
            },
            "license": [
                "proprietary"
            ],
            "authors": [
                {
                    "name": "David Dashifen Kees",
                    "email": "dashifen@dashifen.com"
                }
            ],
            "description": "A WP mu-plugin that loads other mu-plugins.",
            "support": {
                "source": "https://github.com/dashifen/mu-plugin-loader/tree/2.1.1",
                "issues": "https://github.com/dashifen/mu-plugin-loader/issues"
            },
            "time": "2025-02-22T22:18:40+00:00"
        },
        {
            "name": "dashifen/repository",
            "version": "4.0.0",
            "source": {
                "type": "git",
                "url": "https://github.com/dashifen/repository.git",
                "reference": "032cde0eaf6283377816cae340c84b299d6de779"
            },
            "dist": {
                "type": "zip",
                "url": "https://api.github.com/repos/dashifen/repository/zipball/032cde0eaf6283377816cae340c84b299d6de779",
                "reference": "032cde0eaf6283377816cae340c84b299d6de779",
                "shasum": ""
            },
            "require": {
                "dashifen/case-changing-trait": "^1",
                "dashifen/exception": "^1",
                "php": ">=8.2"
            },
            "type": "library",
            "autoload": {
                "psr-4": {
                    "Dashifen\\Repository\\": "src"
                }
            },
            "notification-url": "https://packagist.org/downloads/",
            "license": [
                "MIT"
            ],
            "authors": [
                {
                    "name": "David Dashifen Kees",
                    "email": "dashifen@dashifen.com",
                    "role": "developer"
                }
            ],
            "description": "An object with read-only protected properties from which other objects can be extended.",
            "support": {
                "issues": "https://github.com/dashifen/repository/issues",
                "source": "https://github.com/dashifen/repository/tree/4.0.0"
            },
            "time": "2023-09-05T17:51:39+00:00"
        },
        {
            "name": "dashifen/transformer",
            "version": "2.2.0",
            "source": {
                "type": "git",
                "url": "https://github.com/dashifen/transformer.git",
                "reference": "95202e9740b145c0fb94821115dd049c1a0a2c34"
            },
            "dist": {
                "type": "zip",
                "url": "https://api.github.com/repos/dashifen/transformer/zipball/95202e9740b145c0fb94821115dd049c1a0a2c34",
                "reference": "95202e9740b145c0fb94821115dd049c1a0a2c34",
                "shasum": ""
            },
            "require": {
                "dashifen/exception": "^1.2",
                "php": ">=7.3"
            },
            "type": "project",
            "autoload": {
                "psr-4": {
                    "Dashifen\\Transformer\\": "src"
                }
            },
            "notification-url": "https://packagist.org/downloads/",
            "license": [
                "MIT"
            ],
            "authors": [
                {
                    "name": "David Dashifen Kees",
                    "email": "dashifen@dashifen.com",
                    "role": "developer"
                }
            ],
            "description": "An interface and abstract class useful for the production of objects which transform data.",
            "support": {
                "issues": "https://github.com/dashifen/transformer/issues",
                "source": "https://github.com/dashifen/transformer/tree/2.2.0"
            },
            "time": "2020-03-11T14:56:21+00:00"
        },
        {
            "name": "dashifen/wp-debugging",
            "version": "1.0.2",
            "source": {
                "type": "git",
                "url": "https://github.com/dashifen/wp-debugging.git",
                "reference": "d4cc5c6d1736a8ac909c60cf866b564d0779e9bf"
            },
            "dist": {
                "type": "zip",
                "url": "https://api.github.com/repos/dashifen/wp-debugging/zipball/d4cc5c6d1736a8ac909c60cf866b564d0779e9bf",
                "reference": "d4cc5c6d1736a8ac909c60cf866b564d0779e9bf",
                "shasum": ""
            },
            "require": {
                "dashifen/debugging": "^1.0"
            },
            "type": "library",
            "autoload": {
                "psr-4": {
                    "Dashifen\\WPDebugging\\": "src"
                }
            },
            "notification-url": "https://packagist.org/downloads/",
            "license": [
                "proprietary"
            ],
            "authors": [
                {
                    "name": "David Dashifen Kees",
                    "email": "dashifen@dashifen.com",
                    "role": "developer"
                }
            ],
            "description": "A PHP trait that can be used by other objects for on-screen debugging within a WordPress environment.",
            "support": {
                "issues": "https://github.com/dashifen/wp-debugging/issues",
                "source": "https://github.com/dashifen/wp-debugging/tree/1.0.2"
            },
            "time": "2023-09-19T18:25:25+00:00"
        },
        {
            "name": "dashifen/wp-handler",
            "version": "11.0.8",
            "source": {
                "type": "git",
                "url": "https://github.com/dashifen/wp-handler.git",
                "reference": "c8ac128dab81d09cd0286b9d9e097432ef46a22a"
            },
            "dist": {
                "type": "zip",
                "url": "https://api.github.com/repos/dashifen/wp-handler/zipball/c8ac128dab81d09cd0286b9d9e097432ef46a22a",
                "reference": "c8ac128dab81d09cd0286b9d9e097432ef46a22a",
                "shasum": ""
            },
            "require": {
                "dashifen/collection": "^3",
                "dashifen/exception": "^1",
                "dashifen/repository": "^4",
                "dashifen/transformer": "^2",
                "dashifen/wp-debugging": "^1",
                "php": ">=8.2"
            },
            "require-dev": {
                "wp-cli/wp-cli": "^2.5"
            },
            "type": "project",
            "autoload": {
                "psr-4": {
                    "Dashifen\\WPHandler\\": "src"
                }
            },
            "notification-url": "https://packagist.org/downloads/",
            "license": [
                "MIT"
            ],
            "authors": [
                {
                    "name": "David Dashifen Kees",
                    "email": "dashifen@dashifen.com",
                    "role": "developer"
                }
            ],
            "description": "An object to define handlers for various WordPress action and filter hooks using protected methods. ",
            "support": {
                "issues": "https://github.com/dashifen/wp-handler/issues",
                "source": "https://github.com/dashifen/wp-handler/tree/11.0.8"
            },
            "time": "2025-01-09T17:49:59+00:00"
        },
        {
            "name": "johnpbloch/wordpress",
            "version": "6.7.2",
            "source": {
                "type": "git",
                "url": "https://github.com/johnpbloch/wordpress.git",
                "reference": "687a120102a523a8638b36ebc4711f8a75b2c8b8"
            },
            "dist": {
                "type": "zip",
                "url": "https://api.github.com/repos/johnpbloch/wordpress/zipball/687a120102a523a8638b36ebc4711f8a75b2c8b8",
                "reference": "687a120102a523a8638b36ebc4711f8a75b2c8b8",
                "shasum": ""
            },
            "require": {
                "johnpbloch/wordpress-core": "6.7.2",
                "johnpbloch/wordpress-core-installer": "^1.0 || ^2.0",
                "php": ">=7.0.0"
            },
            "type": "package",
            "notification-url": "https://packagist.org/downloads/",
            "license": [
                "GPL-2.0-or-later"
            ],
            "authors": [
                {
                    "name": "WordPress Community",
                    "homepage": "https://wordpress.org/about/"
                }
            ],
            "description": "WordPress is open source software you can use to create a beautiful website, blog, or app.",
            "homepage": "https://wordpress.org/",
            "keywords": [
                "blog",
                "cms",
                "wordpress"
            ],
            "support": {
                "docs": "https://developer.wordpress.org/",
                "forum": "https://wordpress.org/support/",
                "irc": "irc://irc.freenode.net/wordpress",
                "issues": "https://core.trac.wordpress.org/",
                "source": "https://core.trac.wordpress.org/browser"
            },
            "time": "2025-02-11T16:34:41+00:00"
        },
        {
            "name": "johnpbloch/wordpress-core",
            "version": "6.7.2",
            "source": {
                "type": "git",
                "url": "https://github.com/johnpbloch/wordpress-core.git",
                "reference": "341d968ef716af577f98f5c2201d41c4e291fdcf"
            },
            "dist": {
                "type": "zip",
                "url": "https://api.github.com/repos/johnpbloch/wordpress-core/zipball/341d968ef716af577f98f5c2201d41c4e291fdcf",
                "reference": "341d968ef716af577f98f5c2201d41c4e291fdcf",
                "shasum": ""
            },
            "require": {
                "ext-json": "*",
                "php": ">=7.2.24"
            },
            "provide": {
                "wordpress/core-implementation": "6.7.2"
            },
            "type": "wordpress-core",
            "notification-url": "https://packagist.org/downloads/",
            "license": [
                "GPL-2.0-or-later"
            ],
            "authors": [
                {
                    "name": "WordPress Community",
                    "homepage": "https://wordpress.org/about/"
                }
            ],
            "description": "WordPress is open source software you can use to create a beautiful website, blog, or app.",
            "homepage": "https://wordpress.org/",
            "keywords": [
                "blog",
                "cms",
                "wordpress"
            ],
            "support": {
                "forum": "https://wordpress.org/support/",
                "irc": "irc://irc.freenode.net/wordpress",
                "issues": "https://core.trac.wordpress.org/",
                "source": "https://core.trac.wordpress.org/browser",
                "wiki": "https://codex.wordpress.org/"
            },
            "time": "2025-02-11T16:34:37+00:00"
        },
        {
            "name": "johnpbloch/wordpress-core-installer",
            "version": "2.0.0",
            "source": {
                "type": "git",
                "url": "https://github.com/johnpbloch/wordpress-core-installer.git",
                "reference": "237faae9a60a4a2e1d45dce1a5836ffa616de63e"
            },
            "dist": {
                "type": "zip",
                "url": "https://api.github.com/repos/johnpbloch/wordpress-core-installer/zipball/237faae9a60a4a2e1d45dce1a5836ffa616de63e",
                "reference": "237faae9a60a4a2e1d45dce1a5836ffa616de63e",
                "shasum": ""
            },
            "require": {
                "composer-plugin-api": "^1.0 || ^2.0",
                "php": ">=5.6.0"
            },
            "conflict": {
                "composer/installers": "<1.0.6"
            },
            "require-dev": {
                "composer/composer": "^1.0 || ^2.0",
                "phpunit/phpunit": ">=5.7.27"
            },
            "type": "composer-plugin",
            "extra": {
                "class": "johnpbloch\\Composer\\WordPressCorePlugin"
            },
            "autoload": {
                "psr-0": {
                    "johnpbloch\\Composer\\": "src/"
                }
            },
            "notification-url": "https://packagist.org/downloads/",
            "license": [
                "GPL-2.0-or-later"
            ],
            "authors": [
                {
                    "name": "John P. Bloch",
                    "email": "me@johnpbloch.com"
                }
            ],
            "description": "A custom installer to handle deploying WordPress with composer",
            "keywords": [
                "wordpress"
            ],
            "support": {
                "issues": "https://github.com/johnpbloch/wordpress-core-installer/issues",
                "source": "https://github.com/johnpbloch/wordpress-core-installer/tree/master"
            },
            "time": "2020-04-16T21:44:57+00:00"
        },
        {
            "name": "wpackagist-plugin/multisite-enhancements",
            "version": "1.7.1",
            "source": {
                "type": "svn",
                "url": "https://plugins.svn.wordpress.org/multisite-enhancements/",
                "reference": "tags/1.7.1"
            },
            "dist": {
                "type": "zip",
                "url": "https://downloads.wordpress.org/plugin/multisite-enhancements.1.7.1.zip"
            },
            "require": {
                "composer/installers": "^1.0 || ^2.0"
            },
            "type": "wordpress-plugin",
            "homepage": "https://wordpress.org/plugins/multisite-enhancements/"
        },
        {
            "name": "wpackagist-plugin/wordpress-importer",
            "version": "0.8.3",
            "source": {
                "type": "svn",
                "url": "https://plugins.svn.wordpress.org/wordpress-importer/",
                "reference": "tags/0.8.3"
            },
            "dist": {
                "type": "zip",
                "url": "https://downloads.wordpress.org/plugin/wordpress-importer.0.8.3.zip"
            },
            "require": {
                "composer/installers": "^1.0 || ^2.0"
            },
            "type": "wordpress-plugin",
            "homepage": "https://wordpress.org/plugins/wordpress-importer/"
        }
    ],
    "packages-dev": [],
    "aliases": [],
    "minimum-stability": "stable",
    "stability-flags": {},
    "prefer-stable": false,
    "prefer-lowest": false,
    "platform": {
        "php": ">=8.4"
    },
    "platform-dev": {},
    "plugin-api-version": "2.6.0"
}
